
Microsoft Visual Studio Solution File, Format Version 12.00
# Visual Studio Version 17
VisualStudioVersion = 17.4.33122.133
MinimumVisualStudioVersion = 10.0.40219.1
Project("{2150E333-8FDC-42A3-9474-1A3956D46DE8}") = "FrontEnd", "FrontEnd", "{4B2580D2-EFCE-445E-8549-130904456516}"
EndProject
Project("{FAE04EC0-301F-11D3-BF4B-00C04F79EFBC}") = "Mango.Web", "Mango.Web\Mango.Web.csproj", "{610CDABC-1B3A-4AE8-AB40-E210DB805BF3}"
EndProject
Project("{2150E333-8FDC-42A3-9474-1A3956D46DE8}") = "Services", "Services", "{B5995D49-96E9-4B3C-AB72-02F6E6BA4E3D}"
EndProject
Project("{FAE04EC0-301F-11D3-BF4B-00C04F79EFBC}") = "Mango.Services.ProductAPI", "Mango.Services.ProductAPI\Mango.Services.ProductAPI.csproj", "{CD47CA5F-D893-45AF-8DF6-B457DFF916AB}"
EndProject
Global
	GlobalSection(SolutionConfigurationPlatforms) = preSolution
		Debug|Any CPU = Debug|Any CPU
		Release|Any CPU = Release|Any CPU
	EndGlobalSection
	GlobalSection(ProjectConfigurationPlatforms) = postSolution
		{610CDABC-1B3A-4AE8-AB40-E210DB805BF3}.Debug|Any CPU.ActiveCfg = Debug|Any CPU
		{610CDABC-1B3A-4AE8-AB40-E210DB805BF3}.Debug|Any CPU.Build.0 = Debug|Any CPU
		{610CDABC-1B3A-4AE8-AB40-E210DB805BF3}.Release|Any CPU.ActiveCfg = Release|Any CPU
		{610CDABC-1B3A-4AE8-AB40-E210DB805BF3}.Release|Any CPU.Build.0 = Release|Any CPU
		{CD47CA5F-D893-45AF-8DF6-B457DFF916AB}.Debug|Any CPU.ActiveCfg = Debug|Any CPU
		{CD47CA5F-D893-45AF-8DF6-B457DFF916AB}.Debug|Any CPU.Build.0 = Debug|Any CPU
		{CD47CA5F-D893-45AF-8DF6-B457DFF916AB}.Release|Any CPU.ActiveCfg = Release|Any CPU
		{CD47CA5F-D893-45AF-8DF6-B457DFF916AB}.Release|Any CPU.Build.0 = Release|Any CPU
	EndGlobalSection
	GlobalSection(SolutionProperties) = preSolution
		HideSolutionNode = FALSE
	EndGlobalSection
	GlobalSection(NestedProjects) = preSolution
		{610CDABC-1B3A-4AE8-AB40-E210DB805BF3} = {4B2580D2-EFCE-445E-8549-130904456516}
		{CD47CA5F-D893-45AF-8DF6-B457DFF916AB} = {B5995D49-96E9-4B3C-AB72-02F6E6BA4E3D}
	EndGlobalSection
	GlobalSection(ExtensibilityGlobals) = postSolution
		SolutionGuid = {2A99B830-12D5-468A-861F-5946AE971299}
	EndGlobalSection
EndGlobal
